
Microsoft Visual Studio Solution File, Format Version 12.00
# Visual Studio Version 16
VisualStudioVersion = 16.0.33328.57
MinimumVisualStudioVersion = 10.0.40219.1
Project("{FAE04EC0-301F-11D3-BF4B-00C04F79EFBC}") = "proj01_area_do_triangulo", "proj01_area_do_triangulo\proj01_area_do_triangulo.csproj", "{ADD35383-BCAC-4A98-967D-1EBAA93732E1}"
EndProject
Global
	GlobalSection(SolutionConfigurationPlatforms) = preSolution
		Debug|Any CPU = Debug|Any CPU
		Release|Any CPU = Release|Any CPU
	EndGlobalSection
	GlobalSection(ProjectConfigurationPlatforms) = postSolution
		{ADD35383-BCAC-4A98-967D-1EBAA93732E1}.Debug|Any CPU.ActiveCfg = Debug|Any CPU
		{ADD35383-BCAC-4A98-967D-1EBAA93732E1}.Debug|Any CPU.Build.0 = Debug|Any CPU
		{ADD35383-BCAC-4A98-967D-1EBAA93732E1}.Release|Any CPU.ActiveCfg = Release|Any CPU
		{ADD35383-BCAC-4A98-967D-1EBAA93732E1}.Release|Any CPU.Build.0 = Release|Any CPU
	EndGlobalSection
	GlobalSection(SolutionProperties) = preSolution
		HideSolutionNode = FALSE
	EndGlobalSection
	GlobalSection(ExtensibilityGlobals) = postSolution
		SolutionGuid = {C19EBFFD-2A7A-4C8A-A9D6-18C7C4790070}
	EndGlobalSection
EndGlobal
