
Microsoft Visual Studio Solution File, Format Version 12.00
# Visual Studio Version 16
VisualStudioVersion = 16.0.32126.315
MinimumVisualStudioVersion = 10.0.40219.1
Project("{FAE04EC0-301F-11D3-BF4B-00C04F79EFBC}") = "editor-de-texto", "editor-de-texto\editor-de-texto.csproj", "{F613FC3F-ACF7-42F0-9F3C-1C41F035FF6F}"
EndProject
Global
	GlobalSection(SolutionConfigurationPlatforms) = preSolution
		Debug|Any CPU = Debug|Any CPU
		Release|Any CPU = Release|Any CPU
	EndGlobalSection
	GlobalSection(ProjectConfigurationPlatforms) = postSolution
		{F613FC3F-ACF7-42F0-9F3C-1C41F035FF6F}.Debug|Any CPU.ActiveCfg = Debug|Any CPU
		{F613FC3F-ACF7-42F0-9F3C-1C41F035FF6F}.Debug|Any CPU.Build.0 = Debug|Any CPU
		{F613FC3F-ACF7-42F0-9F3C-1C41F035FF6F}.Release|Any CPU.ActiveCfg = Release|Any CPU
		{F613FC3F-ACF7-42F0-9F3C-1C41F035FF6F}.Release|Any CPU.Build.0 = Release|Any CPU
	EndGlobalSection
	GlobalSection(SolutionProperties) = preSolution
		HideSolutionNode = FALSE
	EndGlobalSection
	GlobalSection(ExtensibilityGlobals) = postSolution
		SolutionGuid = {93FCFF81-201B-460E-A73D-482FD3C0744E}
	EndGlobalSection
EndGlobal
