
Microsoft Visual Studio Solution File, Format Version 12.00
# Visual Studio Version 16
VisualStudioVersion = 16.0.33328.57
MinimumVisualStudioVersion = 10.0.40219.1
Project("{FAE04EC0-301F-11D3-BF4B-00C04F79EFBC}") = "proj03_idade_nadador", "proj03_idade_nadador\proj03_idade_nadador.csproj", "{69A7652E-FB1E-4860-85F7-FEBC99799529}"
EndProject
Global
	GlobalSection(SolutionConfigurationPlatforms) = preSolution
		Debug|Any CPU = Debug|Any CPU
		Release|Any CPU = Release|Any CPU
	EndGlobalSection
	GlobalSection(ProjectConfigurationPlatforms) = postSolution
		{69A7652E-FB1E-4860-85F7-FEBC99799529}.Debug|Any CPU.ActiveCfg = Debug|Any CPU
		{69A7652E-FB1E-4860-85F7-FEBC99799529}.Debug|Any CPU.Build.0 = Debug|Any CPU
		{69A7652E-FB1E-4860-85F7-FEBC99799529}.Release|Any CPU.ActiveCfg = Release|Any CPU
		{69A7652E-FB1E-4860-85F7-FEBC99799529}.Release|Any CPU.Build.0 = Release|Any CPU
	EndGlobalSection
	GlobalSection(SolutionProperties) = preSolution
		HideSolutionNode = FALSE
	EndGlobalSection
	GlobalSection(ExtensibilityGlobals) = postSolution
		SolutionGuid = {6075842B-6A2C-4A38-8294-6E0110C260F9}
	EndGlobalSection
EndGlobal
